
Microsoft Visual Studio Solution File, Format Version 12.00
# Visual Studio 15
VisualStudioVersion = 15.0.27428.2043
MinimumVisualStudioVersion = 10.0.40219.1
Project("{FAE04EC0-301F-11D3-BF4B-00C04F79EFBC}") = "cuteqt", "cuteqt\cuteqt.csproj", "{DA616EF7-C91F-4816-B92B-680924B0EFB3}"
EndProject
Project("{FAE04EC0-301F-11D3-BF4B-00C04F79EFBC}") = "cuteqt.Helper", "cuteqt.Helper\cuteqt.Helper.csproj", "{C58FFCBC-78FF-43A5-A3EB-60D08FDF0648}"
EndProject
Global
	GlobalSection(SolutionConfigurationPlatforms) = preSolution
		Debug|Any CPU = Debug|Any CPU
		Release|Any CPU = Release|Any CPU
	EndGlobalSection
	GlobalSection(ProjectConfigurationPlatforms) = postSolution
		{DA616EF7-C91F-4816-B92B-680924B0EFB3}.Debug|Any CPU.ActiveCfg = Debug|Any CPU
		{DA616EF7-C91F-4816-B92B-680924B0EFB3}.Debug|Any CPU.Build.0 = Debug|Any CPU
		{DA616EF7-C91F-4816-B92B-680924B0EFB3}.Release|Any CPU.ActiveCfg = Release|Any CPU
		{DA616EF7-C91F-4816-B92B-680924B0EFB3}.Release|Any CPU.Build.0 = Release|Any CPU
		{C58FFCBC-78FF-43A5-A3EB-60D08FDF0648}.Debug|Any CPU.ActiveCfg = Debug|Any CPU
		{C58FFCBC-78FF-43A5-A3EB-60D08FDF0648}.Debug|Any CPU.Build.0 = Debug|Any CPU
		{C58FFCBC-78FF-43A5-A3EB-60D08FDF0648}.Release|Any CPU.ActiveCfg = Release|Any CPU
		{C58FFCBC-78FF-43A5-A3EB-60D08FDF0648}.Release|Any CPU.Build.0 = Release|Any CPU
	EndGlobalSection
	GlobalSection(SolutionProperties) = preSolution
		HideSolutionNode = FALSE
	EndGlobalSection
	GlobalSection(ExtensibilityGlobals) = postSolution
		SolutionGuid = {71023948-0174-440C-B462-B8CFCC8DA700}
	EndGlobalSection
EndGlobal
